{
  "version": 4,
  "terraform_version": "1.10.5",
  "serial": 12,
  "lineage": "dead2769-a08a-dc9f-3613-4b66b7dc5fa0",
  "outputs": {},
  "resources": [
    {
      "mode": "managed",
      "type": "google_compute_disk",
      "name": "unibern-ddl-project",
      "provider": "provider[\"registry.terraform.io/hashicorp/google\"]",
      "instances": [
        {
          "schema_version": 0,
          "attributes": {
            "access_mode": "",
            "async_primary_disk": [],
            "creation_timestamp": "2025-04-11T13:30:27.516-07:00",
            "description": "",
            "disk_encryption_key": [],
            "disk_id": "8331769677224396044",
            "effective_labels": {
              "goog-terraform-provisioned": "true"
            },
            "enable_confidential_compute": false,
            "guest_os_features": [
              {
                "type": "GVNIC"
              },
              {
                "type": "UEFI_COMPATIBLE"
              },
              {
                "type": "VIRTIO_SCSI_MULTIQUEUE"
              }
            ],
            "id": "projects/ddl-project-456412/zones/us-west4-b/disks/unibern-ddl-project",
            "image": "https://www.googleapis.com/compute/v1/projects/ml-images/global/images/c0-deeplearning-common-cu123-v20240922-debian-11",
            "label_fingerprint": "vezUS-42LLM=",
            "labels": null,
            "last_attach_timestamp": "",
            "last_detach_timestamp": "",
            "licenses": [
              "https://www.googleapis.com/compute/v1/projects/click-to-deploy-images/global/licenses/c2d-tensorflow",
              "https://www.googleapis.com/compute/v1/projects/click-to-deploy-images/global/licenses/c2d-dl-platform-gvnic",
              "https://www.googleapis.com/compute/v1/projects/click-to-deploy-images/global/licenses/c2d-dl-platform-gpu-common-cu123",
              "https://www.googleapis.com/compute/v1/projects/click-to-deploy-images/global/licenses/c2d-dl-platform-debian-11",
              "https://www.googleapis.com/compute/v1/projects/click-to-deploy-images/global/licenses/c2d-dl-platform-ml-images",
              "https://www.googleapis.com/compute/v1/projects/click-to-deploy-images/global/licenses/c2d-dl-platform-dlvm"
            ],
            "name": "unibern-ddl-project",
            "physical_block_size_bytes": 4096,
            "project": "ddl-project-456412",
            "provisioned_iops": 0,
            "provisioned_throughput": 0,
            "self_link": "https://www.googleapis.com/compute/v1/projects/ddl-project-456412/zones/us-west4-b/disks/unibern-ddl-project",
            "size": 150,
            "snapshot": "",
            "source_disk": "",
            "source_disk_id": "",
            "source_image_encryption_key": [],
            "source_image_id": "4532404597433162581",
            "source_snapshot_encryption_key": [],
            "source_snapshot_id": "",
            "storage_pool": "",
            "terraform_labels": {
              "goog-terraform-provisioned": "true"
            },
            "timeouts": null,
            "type": "pd-balanced",
            "users": [],
            "zone": "us-west4-b"
          },
          "sensitive_attributes": [],
          "private": "eyJlMmJmYjczMC1lY2FhLTExZTYtOGY4OC0zNDM2M2JjN2M0YzAiOnsiY3JlYXRlIjoxMjAwMDAwMDAwMDAwLCJkZWxldGUiOjEyMDAwMDAwMDAwMDAsInVwZGF0ZSI6MTIwMDAwMDAwMDAwMH19"
        }
      ]
    }
  ],
  "check_results": null
}
