{
  "version": 4,
  "terraform_version": "1.10.5",
  "serial": 14,
  "lineage": "dead2769-a08a-dc9f-3613-4b66b7dc5fa0",
  "outputs": {},
  "resources": [
    {
      "mode": "managed",
      "type": "google_compute_disk",
      "name": "unibern-ddl-project",
      "provider": "provider[\"registry.terraform.io/hashicorp/google\"]",
      "instances": [
        {
          "schema_version": 0,
          "attributes": {
            "access_mode": "",
            "async_primary_disk": [],
            "creation_timestamp": "2025-04-11T13:30:27.516-07:00",
            "description": "",
            "disk_encryption_key": [],
            "disk_id": "8331769677224396044",
            "effective_labels": {
              "goog-terraform-provisioned": "true"
            },
            "enable_confidential_compute": false,
            "guest_os_features": [
              {
                "type": "GVNIC"
              },
              {
                "type": "UEFI_COMPATIBLE"
              },
              {
                "type": "VIRTIO_SCSI_MULTIQUEUE"
              }
            ],
            "id": "projects/ddl-project-456412/zones/us-west4-b/disks/unibern-ddl-project",
            "image": "https://www.googleapis.com/compute/v1/projects/ml-images/global/images/c0-deeplearning-common-cu123-v20240922-debian-11",
            "label_fingerprint": "vezUS-42LLM=",
            "labels": {},
            "last_attach_timestamp": "2025-04-11T13:32:01.964-07:00",
            "last_detach_timestamp": "2025-04-11T13:32:09.324-07:00",
            "licenses": [
              "https://www.googleapis.com/compute/v1/projects/click-to-deploy-images/global/licenses/c2d-tensorflow",
              "https://www.googleapis.com/compute/v1/projects/click-to-deploy-images/global/licenses/c2d-dl-platform-gvnic",
              "https://www.googleapis.com/compute/v1/projects/click-to-deploy-images/global/licenses/c2d-dl-platform-gpu-common-cu123",
              "https://www.googleapis.com/compute/v1/projects/click-to-deploy-images/global/licenses/c2d-dl-platform-debian-11",
              "https://www.googleapis.com/compute/v1/projects/click-to-deploy-images/global/licenses/c2d-dl-platform-ml-images",
              "https://www.googleapis.com/compute/v1/projects/click-to-deploy-images/global/licenses/c2d-dl-platform-dlvm"
            ],
            "name": "unibern-ddl-project",
            "physical_block_size_bytes": 4096,
            "project": "ddl-project-456412",
            "provisioned_iops": 0,
            "provisioned_throughput": 0,
            "self_link": "https://www.googleapis.com/compute/v1/projects/ddl-project-456412/zones/us-west4-b/disks/unibern-ddl-project",
            "size": 150,
            "snapshot": "",
            "source_disk": "",
            "source_disk_id": "",
            "source_image_encryption_key": [],
            "source_image_id": "4532404597433162581",
            "source_snapshot_encryption_key": [],
            "source_snapshot_id": "",
            "storage_pool": "",
            "terraform_labels": {
              "goog-terraform-provisioned": "true"
            },
            "timeouts": null,
            "type": "pd-balanced",
            "users": [],
            "zone": "us-west4-b"
          },
          "sensitive_attributes": [],
          "private": "eyJlMmJmYjczMC1lY2FhLTExZTYtOGY4OC0zNDM2M2JjN2M0YzAiOnsiY3JlYXRlIjoxMjAwMDAwMDAwMDAwLCJkZWxldGUiOjEyMDAwMDAwMDAwMDAsInVwZGF0ZSI6MTIwMDAwMDAwMDAwMH19"
        }
      ]
    },
    {
      "mode": "managed",
      "type": "google_compute_instance",
      "name": "unibern-ddl-project",
      "provider": "provider[\"registry.terraform.io/hashicorp/google\"]",
      "instances": [
        {
          "schema_version": 6,
          "attributes": {
            "advanced_machine_features": [],
            "allow_stopping_for_update": null,
            "attached_disk": [],
            "boot_disk": [
              {
                "auto_delete": true,
                "device_name": "unibern-ddl-project",
                "disk_encryption_key_raw": "",
                "disk_encryption_key_sha256": "",
                "initialize_params": [
                  {
                    "enable_confidential_compute": false,
                    "image": "https://www.googleapis.com/compute/v1/projects/ml-images/global/images/c0-deeplearning-common-cu123-v20240922-debian-11",
                    "labels": {
                      "goog-terraform-provisioned": "true"
                    },
                    "provisioned_iops": 0,
                    "provisioned_throughput": 0,
                    "resource_manager_tags": {},
                    "resource_policies": [],
                    "size": 150,
                    "storage_pool": "",
                    "type": "pd-balanced"
                  }
                ],
                "interface": "",
                "kms_key_self_link": "",
                "mode": "READ_WRITE",
                "source": "https://www.googleapis.com/compute/v1/projects/ddl-project-456412/zones/us-west4-b/disks/unibern-ddl-project"
              }
            ],
            "can_ip_forward": false,
            "confidential_instance_config": [],
            "cpu_platform": "Intel Skylake",
            "current_status": "RUNNING",
            "deletion_protection": false,
            "description": "",
            "desired_status": null,
            "effective_labels": {
              "goog-ec-src": "vm_add-tf",
              "goog-terraform-provisioned": "true"
            },
            "enable_display": false,
            "guest_accelerator": [
              {
                "count": 1,
                "type": "https://www.googleapis.com/compute/v1/projects/ddl-project-456412/zones/us-west4-b/acceleratorTypes/nvidia-tesla-t4"
              }
            ],
            "hostname": "",
            "id": "projects/ddl-project-456412/zones/us-west4-b/instances/unibern-ddl-project",
            "instance_id": "6977087741676012153",
            "label_fingerprint": "4si_kQkSihg=",
            "labels": {
              "goog-ec-src": "vm_add-tf"
            },
            "machine_type": "n1-standard-4",
            "metadata": null,
            "metadata_fingerprint": "p1-dtVPzt88=",
            "metadata_startup_script": null,
            "min_cpu_platform": "",
            "name": "unibern-ddl-project",
            "network_interface": [
              {
                "access_config": [
                  {
                    "nat_ip": "34.125.131.36",
                    "network_tier": "PREMIUM",
                    "public_ptr_domain_name": ""
                  }
                ],
                "alias_ip_range": [],
                "internal_ipv6_prefix_length": 0,
                "ipv6_access_config": [],
                "ipv6_access_type": "",
                "ipv6_address": "",
                "name": "nic0",
                "network": "https://www.googleapis.com/compute/v1/projects/ddl-project-456412/global/networks/default",
                "network_ip": "10.182.0.3",
                "nic_type": "",
                "queue_count": 0,
                "stack_type": "IPV4_ONLY",
                "subnetwork": "https://www.googleapis.com/compute/v1/projects/ddl-project-456412/regions/us-west4/subnetworks/default",
                "subnetwork_project": "ddl-project-456412"
              }
            ],
            "network_performance_config": [],
            "params": [],
            "project": "ddl-project-456412",
            "reservation_affinity": [],
            "resource_policies": null,
            "scheduling": [
              {
                "automatic_restart": true,
                "instance_termination_action": "",
                "local_ssd_recovery_timeout": [],
                "max_run_duration": [],
                "min_node_cpus": 0,
                "node_affinities": [],
                "on_host_maintenance": "TERMINATE",
                "on_instance_stop_action": [],
                "preemptible": false,
                "provisioning_model": "STANDARD"
              }
            ],
            "scratch_disk": [],
            "self_link": "https://www.googleapis.com/compute/v1/projects/ddl-project-456412/zones/us-west4-b/instances/unibern-ddl-project",
            "service_account": [
              {
                "email": "1023006117320-compute@developer.gserviceaccount.com",
                "scopes": [
                  "https://www.googleapis.com/auth/devstorage.read_only",
                  "https://www.googleapis.com/auth/logging.write",
                  "https://www.googleapis.com/auth/monitoring.write",
                  "https://www.googleapis.com/auth/service.management.readonly",
                  "https://www.googleapis.com/auth/servicecontrol",
                  "https://www.googleapis.com/auth/trace.append"
                ]
              }
            ],
            "shielded_instance_config": [
              {
                "enable_integrity_monitoring": true,
                "enable_secure_boot": false,
                "enable_vtpm": true
              }
            ],
            "tags": [
              "http-server",
              "https-server"
            ],
            "tags_fingerprint": "6smc4R4d39I=",
            "terraform_labels": {
              "goog-ec-src": "vm_add-tf",
              "goog-terraform-provisioned": "true"
            },
            "timeouts": null,
            "zone": "us-west4-b"
          },
          "sensitive_attributes": [
            [
              {
                "type": "get_attr",
                "value": "boot_disk"
              },
              {
                "type": "index",
                "value": {
                  "value": 0,
                  "type": "number"
                }
              },
              {
                "type": "get_attr",
                "value": "disk_encryption_key_raw"
              }
            ]
          ],
          "private": "eyJlMmJmYjczMC1lY2FhLTExZTYtOGY4OC0zNDM2M2JjN2M0YzAiOnsiY3JlYXRlIjoxMjAwMDAwMDAwMDAwLCJkZWxldGUiOjEyMDAwMDAwMDAwMDAsInVwZGF0ZSI6MTIwMDAwMDAwMDAwMH0sInNjaGVtYV92ZXJzaW9uIjoiNiJ9",
          "dependencies": [
            "google_compute_disk.unibern-ddl-project"
          ]
        }
      ]
    }
  ],
  "check_results": null
}
